
Microsoft Visual Studio Solution File, Format Version 12.00
# Visual Studio Version 16
VisualStudioVersion = 16.0.31112.23
MinimumVisualStudioVersion = 10.0.40219.1
Project("{FAE04EC0-301F-11D3-BF4B-00C04F79EFBC}") = "PGFTP", "PGFTP\PGFTP.csproj", "{929AFE49-B380-4216-B06D-50C8614AE493}"
EndProject
Project("{FAE04EC0-301F-11D3-BF4B-00C04F79EFBC}") = "Server", "Server\Server.csproj", "{7B2DE52D-FF18-42A4-89F1-33BD00B708F5}"
EndProject
Project("{FAE04EC0-301F-11D3-BF4B-00C04F79EFBC}") = "Client", "Client\Client.csproj", "{BF56FBDE-C255-44E8-BF14-40D25AB60D8C}"
EndProject
Global
	GlobalSection(SolutionConfigurationPlatforms) = preSolution
		Debug|Any CPU = Debug|Any CPU
		Release|Any CPU = Release|Any CPU
	EndGlobalSection
	GlobalSection(ProjectConfigurationPlatforms) = postSolution
		{929AFE49-B380-4216-B06D-50C8614AE493}.Debug|Any CPU.ActiveCfg = Debug|Any CPU
		{929AFE49-B380-4216-B06D-50C8614AE493}.Debug|Any CPU.Build.0 = Debug|Any CPU
		{929AFE49-B380-4216-B06D-50C8614AE493}.Release|Any CPU.ActiveCfg = Release|Any CPU
		{929AFE49-B380-4216-B06D-50C8614AE493}.Release|Any CPU.Build.0 = Release|Any CPU
		{7B2DE52D-FF18-42A4-89F1-33BD00B708F5}.Debug|Any CPU.ActiveCfg = Debug|Any CPU
		{7B2DE52D-FF18-42A4-89F1-33BD00B708F5}.Debug|Any CPU.Build.0 = Debug|Any CPU
		{7B2DE52D-FF18-42A4-89F1-33BD00B708F5}.Release|Any CPU.ActiveCfg = Release|Any CPU
		{7B2DE52D-FF18-42A4-89F1-33BD00B708F5}.Release|Any CPU.Build.0 = Release|Any CPU
		{BF56FBDE-C255-44E8-BF14-40D25AB60D8C}.Debug|Any CPU.ActiveCfg = Debug|Any CPU
		{BF56FBDE-C255-44E8-BF14-40D25AB60D8C}.Debug|Any CPU.Build.0 = Debug|Any CPU
		{BF56FBDE-C255-44E8-BF14-40D25AB60D8C}.Release|Any CPU.ActiveCfg = Release|Any CPU
		{BF56FBDE-C255-44E8-BF14-40D25AB60D8C}.Release|Any CPU.Build.0 = Release|Any CPU
	EndGlobalSection
	GlobalSection(SolutionProperties) = preSolution
		HideSolutionNode = FALSE
	EndGlobalSection
	GlobalSection(ExtensibilityGlobals) = postSolution
		SolutionGuid = {21A75948-4DD7-4128-B9A3-955C9D81B0A6}
	EndGlobalSection
EndGlobal
